
Microsoft Visual Studio Solution File, Format Version 12.00
# Visual Studio Version 17
VisualStudioVersion = 17.0.32112.339
MinimumVisualStudioVersion = 10.0.40219.1
Project("{FAE04EC0-301F-11D3-BF4B-00C04F79EFBC}") = "HunreWeb", "HunreWeb\HunreWeb.csproj", "{1AF24FEF-1075-430F-AF27-08B8C5D5AAAB}"
EndProject
Global
	GlobalSection(SolutionConfigurationPlatforms) = preSolution
		Debug|Any CPU = Debug|Any CPU
		Release|Any CPU = Release|Any CPU
	EndGlobalSection
	GlobalSection(ProjectConfigurationPlatforms) = postSolution
		{1AF24FEF-1075-430F-AF27-08B8C5D5AAAB}.Debug|Any CPU.ActiveCfg = Debug|Any CPU
		{1AF24FEF-1075-430F-AF27-08B8C5D5AAAB}.Debug|Any CPU.Build.0 = Debug|Any CPU
		{1AF24FEF-1075-430F-AF27-08B8C5D5AAAB}.Release|Any CPU.ActiveCfg = Release|Any CPU
		{1AF24FEF-1075-430F-AF27-08B8C5D5AAAB}.Release|Any CPU.Build.0 = Release|Any CPU
	EndGlobalSection
	GlobalSection(SolutionProperties) = preSolution
		HideSolutionNode = FALSE
	EndGlobalSection
	GlobalSection(ExtensibilityGlobals) = postSolution
		SolutionGuid = {238C64D6-6BF2-48AB-9318-547408C2B8B7}
	EndGlobalSection
EndGlobal
